
Microsoft Visual Studio Solution File, Format Version 12.00
# Visual Studio Version 16
VisualStudioVersion = 16.0.30128.74
MinimumVisualStudioVersion = 10.0.40219.1
Project("{2150E333-8FDC-42A3-9474-1A3956D46DE8}") = "Solution Items", "Solution Items", "{B0C1AEFC-71AE-4CCD-A40D-C9B5EFA010F5}"
	ProjectSection(SolutionItems) = preProject
		.editorconfig = .editorconfig
	EndProjectSection
EndProject
Project("{FAE04EC0-301F-11D3-BF4B-00C04F79EFBC}") = "Tests", "Tests\Tests.csproj", "{657094EB-4705-4E9E-839A-9980FA5A88CE}"
EndProject
Project("{FAE04EC0-301F-11D3-BF4B-00C04F79EFBC}") = "ScriptEngine", "ScriptEngine\ScriptEngine.csproj", "{6F00F898-1E33-4C0D-8577-A7792FA474EC}"
EndProject
Project("{FAE04EC0-301F-11D3-BF4B-00C04F79EFBC}") = "OrkEngine", "OrkCore\OrkEngine.csproj", "{3BB4734D-41CA-4D8C-BE8A-4CFB281DDFE1}"
EndProject
Project("{9A19103F-16F7-4668-BE54-9A1E7A4F7556}") = "OrkEngineEditor", "OrkEngineEditor\OrkEngineEditor.csproj", "{26441222-FC40-4EBE-A367-669EFAB68B5E}"
EndProject
Project("{8BC9CEB8-8B4A-11D0-8D11-00A0C91BC942}") = "OrkEngineUnsafe", "OrkEngineUnsafe\OrkEngineUnsafe.vcxproj", "{54FDA4CD-6CFB-4F5E-8D46-0E57CD831A76}"
EndProject
Global
	GlobalSection(SolutionConfigurationPlatforms) = preSolution
		Debug|Any CPU = Debug|Any CPU
		Debug|x64 = Debug|x64
		Debug|x86 = Debug|x86
		Release|Any CPU = Release|Any CPU
		Release|x64 = Release|x64
		Release|x86 = Release|x86
	EndGlobalSection
	GlobalSection(ProjectConfigurationPlatforms) = postSolution
		{657094EB-4705-4E9E-839A-9980FA5A88CE}.Debug|Any CPU.ActiveCfg = Debug|Any CPU
		{657094EB-4705-4E9E-839A-9980FA5A88CE}.Debug|Any CPU.Build.0 = Debug|Any CPU
		{657094EB-4705-4E9E-839A-9980FA5A88CE}.Debug|x64.ActiveCfg = Debug|Any CPU
		{657094EB-4705-4E9E-839A-9980FA5A88CE}.Debug|x64.Build.0 = Debug|Any CPU
		{657094EB-4705-4E9E-839A-9980FA5A88CE}.Debug|x86.ActiveCfg = Debug|Any CPU
		{657094EB-4705-4E9E-839A-9980FA5A88CE}.Debug|x86.Build.0 = Debug|Any CPU
		{657094EB-4705-4E9E-839A-9980FA5A88CE}.Release|Any CPU.ActiveCfg = Release|Any CPU
		{657094EB-4705-4E9E-839A-9980FA5A88CE}.Release|Any CPU.Build.0 = Release|Any CPU
		{657094EB-4705-4E9E-839A-9980FA5A88CE}.Release|x64.ActiveCfg = Release|Any CPU
		{657094EB-4705-4E9E-839A-9980FA5A88CE}.Release|x64.Build.0 = Release|Any CPU
		{657094EB-4705-4E9E-839A-9980FA5A88CE}.Release|x86.ActiveCfg = Release|Any CPU
		{657094EB-4705-4E9E-839A-9980FA5A88CE}.Release|x86.Build.0 = Release|Any CPU
		{6F00F898-1E33-4C0D-8577-A7792FA474EC}.Debug|Any CPU.ActiveCfg = Debug|Any CPU
		{6F00F898-1E33-4C0D-8577-A7792FA474EC}.Debug|Any CPU.Build.0 = Debug|Any CPU
		{6F00F898-1E33-4C0D-8577-A7792FA474EC}.Debug|x64.ActiveCfg = Debug|Any CPU
		{6F00F898-1E33-4C0D-8577-A7792FA474EC}.Debug|x64.Build.0 = Debug|Any CPU
		{6F00F898-1E33-4C0D-8577-A7792FA474EC}.Debug|x86.ActiveCfg = Debug|Any CPU
		{6F00F898-1E33-4C0D-8577-A7792FA474EC}.Debug|x86.Build.0 = Debug|Any CPU
		{6F00F898-1E33-4C0D-8577-A7792FA474EC}.Release|Any CPU.ActiveCfg = Release|Any CPU
		{6F00F898-1E33-4C0D-8577-A7792FA474EC}.Release|Any CPU.Build.0 = Release|Any CPU
		{6F00F898-1E33-4C0D-8577-A7792FA474EC}.Release|x64.ActiveCfg = Release|Any CPU
		{6F00F898-1E33-4C0D-8577-A7792FA474EC}.Release|x64.Build.0 = Release|Any CPU
		{6F00F898-1E33-4C0D-8577-A7792FA474EC}.Release|x86.ActiveCfg = Release|Any CPU
		{6F00F898-1E33-4C0D-8577-A7792FA474EC}.Release|x86.Build.0 = Release|Any CPU
		{3BB4734D-41CA-4D8C-BE8A-4CFB281DDFE1}.Debug|Any CPU.ActiveCfg = Debug|Any CPU
		{3BB4734D-41CA-4D8C-BE8A-4CFB281DDFE1}.Debug|Any CPU.Build.0 = Debug|Any CPU
		{3BB4734D-41CA-4D8C-BE8A-4CFB281DDFE1}.Debug|x64.ActiveCfg = Debug|Any CPU
		{3BB4734D-41CA-4D8C-BE8A-4CFB281DDFE1}.Debug|x64.Build.0 = Debug|Any CPU
		{3BB4734D-41CA-4D8C-BE8A-4CFB281DDFE1}.Debug|x86.ActiveCfg = Debug|Any CPU
		{3BB4734D-41CA-4D8C-BE8A-4CFB281DDFE1}.Debug|x86.Build.0 = Debug|Any CPU
		{3BB4734D-41CA-4D8C-BE8A-4CFB281DDFE1}.Release|Any CPU.ActiveCfg = Release|Any CPU
		{3BB4734D-41CA-4D8C-BE8A-4CFB281DDFE1}.Release|Any CPU.Build.0 = Release|Any CPU
		{3BB4734D-41CA-4D8C-BE8A-4CFB281DDFE1}.Release|x64.ActiveCfg = Release|Any CPU
		{3BB4734D-41CA-4D8C-BE8A-4CFB281DDFE1}.Release|x64.Build.0 = Release|Any CPU
		{3BB4734D-41CA-4D8C-BE8A-4CFB281DDFE1}.Release|x86.ActiveCfg = Release|Any CPU
		{3BB4734D-41CA-4D8C-BE8A-4CFB281DDFE1}.Release|x86.Build.0 = Release|Any CPU
		{26441222-FC40-4EBE-A367-669EFAB68B5E}.Debug|Any CPU.ActiveCfg = Debug|Any CPU
		{26441222-FC40-4EBE-A367-669EFAB68B5E}.Debug|Any CPU.Build.0 = Debug|Any CPU
		{26441222-FC40-4EBE-A367-669EFAB68B5E}.Debug|x64.ActiveCfg = Debug|Any CPU
		{26441222-FC40-4EBE-A367-669EFAB68B5E}.Debug|x64.Build.0 = Debug|Any CPU
		{26441222-FC40-4EBE-A367-669EFAB68B5E}.Debug|x86.ActiveCfg = Debug|Any CPU
		{26441222-FC40-4EBE-A367-669EFAB68B5E}.Debug|x86.Build.0 = Debug|Any CPU
		{26441222-FC40-4EBE-A367-669EFAB68B5E}.Release|Any CPU.ActiveCfg = Release|Any CPU
		{26441222-FC40-4EBE-A367-669EFAB68B5E}.Release|Any CPU.Build.0 = Release|Any CPU
		{26441222-FC40-4EBE-A367-669EFAB68B5E}.Release|x64.ActiveCfg = Release|Any CPU
		{26441222-FC40-4EBE-A367-669EFAB68B5E}.Release|x64.Build.0 = Release|Any CPU
		{26441222-FC40-4EBE-A367-669EFAB68B5E}.Release|x86.ActiveCfg = Release|Any CPU
		{26441222-FC40-4EBE-A367-669EFAB68B5E}.Release|x86.Build.0 = Release|Any CPU
		{54FDA4CD-6CFB-4F5E-8D46-0E57CD831A76}.Debug|Any CPU.ActiveCfg = Debug|Win32
		{54FDA4CD-6CFB-4F5E-8D46-0E57CD831A76}.Debug|x64.ActiveCfg = Debug|x64
		{54FDA4CD-6CFB-4F5E-8D46-0E57CD831A76}.Debug|x64.Build.0 = Debug|x64
		{54FDA4CD-6CFB-4F5E-8D46-0E57CD831A76}.Debug|x86.ActiveCfg = Debug|Win32
		{54FDA4CD-6CFB-4F5E-8D46-0E57CD831A76}.Debug|x86.Build.0 = Debug|Win32
		{54FDA4CD-6CFB-4F5E-8D46-0E57CD831A76}.Release|Any CPU.ActiveCfg = Release|Win32
		{54FDA4CD-6CFB-4F5E-8D46-0E57CD831A76}.Release|x64.ActiveCfg = Release|x64
		{54FDA4CD-6CFB-4F5E-8D46-0E57CD831A76}.Release|x64.Build.0 = Release|x64
		{54FDA4CD-6CFB-4F5E-8D46-0E57CD831A76}.Release|x86.ActiveCfg = Release|Win32
		{54FDA4CD-6CFB-4F5E-8D46-0E57CD831A76}.Release|x86.Build.0 = Release|Win32
	EndGlobalSection
	GlobalSection(SolutionProperties) = preSolution
		HideSolutionNode = FALSE
	EndGlobalSection
	GlobalSection(ExtensibilityGlobals) = postSolution
		SolutionGuid = {B8D6D8A7-AA68-4467-A3D6-BCFCC087455A}
	EndGlobalSection
EndGlobal
